// !$*UTF8*$!
{
	archiveVersion = 1;
	classes = {
	};
	objectVersion = 56;
	objects = {

/* Begin PBXBuildFile section */
		A0000001 /* YessGoFrontApp.swift in Sources */ = {isa = PBXBuildFile; fileRef = A0000011 /* YessGoFrontApp.swift */; };
		A0000002 /* ContentView.swift in Sources */ = {isa = PBXBuildFile; fileRef = A0000012 /* ContentView.swift */; };
		A0000003 /* MainPageView.swift in Sources */ = {isa = PBXBuildFile; fileRef = A0000013 /* MainPageView.swift */; };
		A0000004 /* BottomNavBar.swift in Sources */ = {isa = PBXBuildFile; fileRef = A0000014 /* BottomNavBar.swift */; };
		A0000005 /* MainPageViewModel.swift in Sources */ = {isa = PBXBuildFile; fileRef = A0000021 /* MainPageViewModel.swift */; };
		A0000006 /* UserDto.swift in Sources */ = {isa = PBXBuildFile; fileRef = A0000031 /* UserDto.swift */; };
		A0000007 /* PartnerDto.swift in Sources */ = {isa = PBXBuildFile; fileRef = A0000032 /* PartnerDto.swift */; };
		A0000008 /* StoryModel.swift in Sources */ = {isa = PBXBuildFile; fileRef = A0000033 /* StoryModel.swift */; };
		A0000009 /* BannerModel.swift in Sources */ = {isa = PBXBuildFile; fileRef = A0000034 /* BannerModel.swift */; };
		A000000A /* CategoryModel.swift in Sources */ = {isa = PBXBuildFile; fileRef = A0000035 /* CategoryModel.swift */; };
		A000000B /* PartnerLogoModel.swift in Sources */ = {isa = PBXBuildFile; fileRef = A0000036 /* PartnerLogoModel.swift */; };
		A000000C /* BalanceStore.swift in Sources */ = {isa = PBXBuildFile; fileRef = A0000041 /* BalanceStore.swift */; };
		A000000D /* AccountStore.swift in Sources */ = {isa = PBXBuildFile; fileRef = A0000042 /* AccountStore.swift */; };
		A000000E /* AppClient.swift in Sources */ = {isa = PBXBuildFile; fileRef = A0000043 /* AppClient.swift */; };
		A000000F /* AuthService.swift in Sources */ = {isa = PBXBuildFile; fileRef = A0000044 /* AuthService.swift */; };
		A0000010 /* Assets.xcassets in Resources */ = {isa = PBXBuildFile; fileRef = A0000050 /* Assets.xcassets */; };
/* End PBXBuildFile section */

/* Begin PBXFileReference section */
		A0000000 /* YessGoDemo.app */ = {isa = PBXFileReference; explicitFileType = wrapper.application; includeInIndex = 0; path = YessGoDemo.app; sourceTree = BUILT_PRODUCTS_DIR; };
		A0000011 /* YessGoFrontApp.swift */ = {isa = PBXFileReference; lastKnownFileType = sourcecode.swift; path = YessGoFrontApp.swift; sourceTree = "<group>"; };
		A0000012 /* ContentView.swift */ = {isa = PBXFileReference; lastKnownFileType = sourcecode.swift; path = ContentView.swift; sourceTree = "<group>"; };
		A0000013 /* MainPageView.swift */ = {isa = PBXFileReference; lastKnownFileType = sourcecode.swift; path = MainPageView.swift; sourceTree = "<group>"; };
		A0000014 /* BottomNavBar.swift */ = {isa = PBXFileReference; lastKnownFileType = sourcecode.swift; path = BottomNavBar.swift; sourceTree = "<group>"; };
		A0000021 /* MainPageViewModel.swift */ = {isa = PBXFileReference; lastKnownFileType = sourcecode.swift; path = MainPageViewModel.swift; sourceTree = "<group>"; };
		A0000031 /* UserDto.swift */ = {isa = PBXFileReference; lastKnownFileType = sourcecode.swift; path = UserDto.swift; sourceTree = "<group>"; };
		A0000032 /* PartnerDto.swift */ = {isa = PBXFileReference; lastKnownFileType = sourcecode.swift; path = PartnerDto.swift; sourceTree = "<group>"; };
		A0000033 /* StoryModel.swift */ = {isa = PBXFileReference; lastKnownFileType = sourcecode.swift; path = StoryModel.swift; sourceTree = "<group>"; };
		A0000034 /* BannerModel.swift */ = {isa = PBXFileReference; lastKnownFileType = sourcecode.swift; path = BannerModel.swift; sourceTree = "<group>"; };
		A0000035 /* CategoryModel.swift */ = {isa = PBXFileReference; lastKnownFileType = sourcecode.swift; path = CategoryModel.swift; sourceTree = "<group>"; };
		A0000036 /* PartnerLogoModel.swift */ = {isa = PBXFileReference; lastKnownFileType = sourcecode.swift; path = PartnerLogoModel.swift; sourceTree = "<group>"; };
		A0000041 /* BalanceStore.swift */ = {isa = PBXFileReference; lastKnownFileType = sourcecode.swift; path = BalanceStore.swift; sourceTree = "<group>"; };
		A0000042 /* AccountStore.swift */ = {isa = PBXFileReference; lastKnownFileType = sourcecode.swift; path = AccountStore.swift; sourceTree = "<group>"; };
		A0000043 /* AppClient.swift */ = {isa = PBXFileReference; lastKnownFileType = sourcecode.swift; path = AppClient.swift; sourceTree = "<group>"; };
		A0000044 /* AuthService.swift */ = {isa = PBXFileReference; lastKnownFileType = sourcecode.swift; path = AuthService.swift; sourceTree = "<group>"; };
		A0000050 /* Assets.xcassets */ = {isa = PBXFileReference; lastKnownFileType = folder.assetcatalog; path = Assets.xcassets; sourceTree = "<group>"; };
		A0000051 /* Info.plist */ = {isa = PBXFileReference; lastKnownFileType = text.plist.xml; path = Info.plist; sourceTree = "<group>"; };
/* End PBXFileReference section */

/* Begin PBXFrameworksBuildPhase section */
		A0000100 /* Frameworks */ = {
			isa = PBXFrameworksBuildPhase;
			buildActionMask = 2147483647;
			files = (
			);
			runOnlyForDeploymentPostprocessing = 0;
		};
/* End PBXFrameworksBuildPhase section */

/* Begin PBXGroup section */
		A0000200 = {
			isa = PBXGroup;
			children = (
				A0000201 /* YessGoDemo */,
				A0000202 /* Products */,
			);
			sourceTree = "<group>";
		};
		A0000201 /* YessGoDemo */ = {
			isa = PBXGroup;
			children = (
				A0000011 /* YessGoFrontApp.swift */,
				A0000012 /* ContentView.swift */,
				A0000210 /* Views */,
				A0000220 /* ViewModels */,
				A0000230 /* Models */,
				A0000240 /* Services */,
				A0000050 /* Assets.xcassets */,
				A0000051 /* Info.plist */,
			);
			path = YessGoDemo;
			sourceTree = "<group>";
		};
		A0000202 /* Products */ = {
			isa = PBXGroup;
			children = (
				A0000000 /* YessGoDemo.app */,
			);
			name = Products;
			sourceTree = "<group>";
		};
		A0000210 /* Views */ = {
			isa = PBXGroup;
			children = (
				A0000013 /* MainPageView.swift */,
				A0000211 /* Components */,
			);
			path = Views;
			sourceTree = "<group>";
		};
		A0000211 /* Components */ = {
			isa = PBXGroup;
			children = (
				A0000014 /* BottomNavBar.swift */,
			);
			path = Components;
			sourceTree = "<group>";
		};
		A0000220 /* ViewModels */ = {
			isa = PBXGroup;
			children = (
				A0000021 /* MainPageViewModel.swift */,
			);
			path = ViewModels;
			sourceTree = "<group>";
		};
		A0000230 /* Models */ = {
			isa = PBXGroup;
			children = (
				A0000031 /* UserDto.swift */,
				A0000032 /* PartnerDto.swift */,
				A0000033 /* StoryModel.swift */,
				A0000034 /* BannerModel.swift */,
				A0000035 /* CategoryModel.swift */,
				A0000036 /* PartnerLogoModel.swift */,
			);
			path = Models;
			sourceTree = "<group>";
		};
		A0000240 /* Services */ = {
			isa = PBXGroup;
			children = (
				A0000041 /* BalanceStore.swift */,
				A0000042 /* AccountStore.swift */,
				A0000043 /* AppClient.swift */,
				A0000044 /* AuthService.swift */,
			);
			path = Services;
			sourceTree = "<group>";
		};
/* End PBXGroup section */

/* Begin PBXNativeTarget section */
		A0000300 /* YessGoDemo */ = {
			isa = PBXNativeTarget;
			buildConfigurationList = A0000301 /* Build configuration list for PBXNativeTarget "YessGoDemo" */;
			buildPhases = (
				A0000302 /* Sources */,
				A0000100 /* Frameworks */,
				A0000303 /* Resources */,
			);
			buildRules = (
			);
			dependencies = (
			);
			name = YessGoDemo;
			productName = YessGoDemo;
			productReference = A0000000 /* YessGoDemo.app */;
			productType = "com.apple.product-type.application";
		};
/* End PBXNativeTarget section */

/* Begin PBXProject section */
		A0000400 /* Project object */ = {
			isa = PBXProject;
			attributes = {
				BuildIndependentTargetsInParallel = 1;
				LastSwiftUpdateCheck = 1500;
				LastUpgradeCheck = 1500;
				TargetAttributes = {
					A0000300 = {
						CreatedOnToolsVersion = 15.0;
					};
				};
			};
			buildConfigurationList = A0000401 /* Build configuration list for PBXProject "YessGoDemo" */;
			compatibilityVersion = "Xcode 14.0";
			developmentRegion = en;
			hasScannedForEncodings = 0;
			knownRegions = (
				en,
				Base,
			);
			mainGroup = A0000200;
			productRefGroup = A0000202 /* Products */;
			projectDirPath = "";
			projectRoot = "";
			targets = (
				A0000300 /* YessGoDemo */,
			);
		};
/* End PBXProject section */

/* Begin PBXResourcesBuildPhase section */
		A0000303 /* Resources */ = {
			isa = PBXResourcesBuildPhase;
			buildActionMask = 2147483647;
			files = (
				A0000010 /* Assets.xcassets in Resources */,
			);
			runOnlyForDeploymentPostprocessing = 0;
		};
/* End PBXResourcesBuildPhase section */

/* Begin PBXSourcesBuildPhase section */
		A0000302 /* Sources */ = {
			isa = PBXSourcesBuildPhase;
			buildActionMask = 2147483647;
			files = (
				A0000001 /* YessGoFrontApp.swift in Sources */,
				A0000002 /* ContentView.swift in Sources */,
				A0000003 /* MainPageView.swift in Sources */,
				A0000004 /* BottomNavBar.swift in Sources */,
				A0000005 /* MainPageViewModel.swift in Sources */,
				A0000006 /* UserDto.swift in Sources */,
				A0000007 /* PartnerDto.swift in Sources */,
				A0000008 /* StoryModel.swift in Sources */,
				A0000009 /* BannerModel.swift in Sources */,
				A000000A /* CategoryModel.swift in Sources */,
				A000000B /* PartnerLogoModel.swift in Sources */,
				A000000C /* BalanceStore.swift in Sources */,
				A000000D /* AccountStore.swift in Sources */,
				A000000E /* AppClient.swift in Sources */,
				A000000F /* AuthService.swift in Sources */,
			);
			runOnlyForDeploymentPostprocessing = 0;
		};
/* End PBXSourcesBuildPhase section */

/* Begin XCBuildConfiguration section */
		A0000500 /* Debug */ = {
			isa = XCBuildConfiguration;
			buildSettings = {
				ALWAYS_SEARCH_USER_PATHS = NO;
				ASSETCATALOG_COMPILER_APPICON_NAME = AppIcon;
				ASSETCATALOG_COMPILER_GLOBAL_ACCENT_COLOR_NAME = AccentColor;
				CLANG_ANALYZER_NONNULL = YES;
				CLANG_ANALYZER_NUMBER_OBJECT_CONVERSION = YES_AGGRESSIVE;
				CLANG_CXX_LANGUAGE_STANDARD = "gnu++20";
				CLANG_ENABLE_MODULES = YES;
				CLANG_ENABLE_OBJC_ARC = YES;
				CLANG_ENABLE_OBJC_WEAK = YES;
				CLANG_WARN_BLOCK_CAPTURE_AUTORELEASING = YES;
				CLANG_WARN_BOOL_CONVERSION = YES;
				CLANG_WARN_COMMA = YES;
				CLANG_WARN_CONSTANT_CONVERSION = YES;
				CLANG_WARN_DEPRECATED_OBJC_IMPLEMENTATIONS = YES;
				CLANG_WARN_DIRECT_OBJC_ISA_USAGE = YES_ERROR;
				CLANG_WARN_DOCUMENTATION_COMMENTS = YES;
				CLANG_WARN_EMPTY_BODY = YES;
				CLANG_WARN_ENUM_CONVERSION = YES;
				CLANG_WARN_INFINITE_RECURSION = YES;
				CLANG_WARN_INT_CONVERSION = YES;
				CLANG_WARN_NON_LITERAL_NULL_CONVERSION = YES;
				CLANG_WARN_OBJC_IMPLICIT_RETAIN_SELF = YES;
				CLANG_WARN_OBJC_LITERAL_CONVERSION = YES;
				CLANG_WARN_OBJC_ROOT_CLASS = YES_ERROR;
				CLANG_WARN_QUOTED_INCLUDE_IN_FRAMEWORK_HEADER = YES;
				CLANG_WARN_RANGE_LOOP_ANALYSIS = YES;
				CLANG_WARN_STRICT_PROTOTYPES = YES;
				CLANG_WARN_SUSPICIOUS_MOVE = YES;
				CLANG_WARN_UNGUARDED_AVAILABILITY = YES_AGGRESSIVE;
				CLANG_WARN_UNREACHABLE_CODE = YES;
				CLANG_WARN__DUPLICATE_METHOD_MATCH = YES;
				CODE_SIGN_STYLE = Automatic;
				COPY_PHASE_STRIP = NO;
				CURRENT_PROJECT_VERSION = 1;
				DEBUG_INFORMATION_FORMAT = dwarf;
				DEVELOPMENT_TEAM = "";
				ENABLE_PREVIEWS = YES;
				ENABLE_STRICT_OBJC_MSGSEND = YES;
				ENABLE_TESTABILITY = YES;
				GENERATE_INFOPLIST_FILE = YES;
				GCC_C_LANGUAGE_STANDARD = gnu11;
				GCC_DYNAMIC_NO_PIC = NO;
				GCC_NO_COMMON_BLOCKS = YES;
				GCC_OPTIMIZATION_LEVEL = 0;
				GCC_PREPROCESSOR_DEFINITIONS = (
					"DEBUG=1",
					"$(inherited)",
				);
				GCC_WARN_64_TO_32_BIT_CONVERSION = YES;
				GCC_WARN_ABOUT_RETURN_TYPE = YES_ERROR;
				GCC_WARN_UNDECLARED_SELECTOR = YES;
				GCC_WARN_UNINITIALIZED_AUTOS = YES_AGGRESSIVE;
				GCC_WARN_UNUSED_FUNCTION = YES;
				GCC_WARN_UNUSED_VARIABLE = YES;
				INFOPLIST_FILE = YessGoDemo/Info.plist;
				INFOPLIST_KEY_CFBundleDisplayName = "YessGo Demo";
				INFOPLIST_KEY_UIApplicationSceneManifest_Generation = YES;
				INFOPLIST_KEY_UIApplicationSupportsIndirectInputEvents = YES;
				INFOPLIST_KEY_UILaunchScreen_Generation = YES;
				INFOPLIST_KEY_UISupportedInterfaceOrientations = UIInterfaceOrientationPortrait;
				INFOPLIST_KEY_UISupportedInterfaceOrientations_iPad = "UIInterfaceOrientationLandscapeLeft UIInterfaceOrientationLandscapeRight UIInterfaceOrientationPortrait UIInterfaceOrientationPortraitUpsideDown";
				IPHONEOS_DEPLOYMENT_TARGET = 15.0;
				LD_RUNPATH_SEARCH_PATHS = (
					"$(inherited)",
					"@executable_path/Frameworks",
				);
				MARKETING_VERSION = 1.0;
				MTL_ENABLE_DEBUG_INFO = INCLUDE_SOURCE;
				MTL_FAST_MATH = YES;
				ONLY_ACTIVE_ARCH = YES;
				PRODUCT_BUNDLE_IDENTIFIER = com.yessgo.demo;
				PRODUCT_NAME = "$(TARGET_NAME)";
				SDKROOT = iphoneos;
				SWIFT_ACTIVE_COMPILATION_CONDITIONS = DEBUG;
				SWIFT_EMIT_LOC_STRINGS = YES;
				SWIFT_OPTIMIZATION_LEVEL = "-Onone";
				SWIFT_VERSION = 5.0;
				TARGETED_DEVICE_FAMILY = "1,2";
			};
			name = Debug;
		};
		A0000501 /* Release */ = {
			isa = XCBuildConfiguration;
			buildSettings = {
				ALWAYS_SEARCH_USER_PATHS = NO;
				ASSETCATALOG_COMPILER_APPICON_NAME = AppIcon;
				ASSETCATALOG_COMPILER_GLOBAL_ACCENT_COLOR_NAME = AccentColor;
				CLANG_ANALYZER_NONNULL = YES;
				CLANG_ANALYZER_NUMBER_OBJECT_CONVERSION = YES_AGGRESSIVE;
				CLANG_CXX_LANGUAGE_STANDARD = "gnu++20";
				CLANG_ENABLE_MODULES = YES;
				CLANG_ENABLE_OBJC_ARC = YES;
				CLANG_ENABLE_OBJC_WEAK = YES;
				CLANG_WARN_BLOCK_CAPTURE_AUTORELEASING = YES;
				CLANG_WARN_BOOL_CONVERSION = YES;
				CLANG_WARN_COMMA = YES;
				CLANG_WARN_CONSTANT_CONVERSION = YES;
				CLANG_WARN_DEPRECATED_OBJC_IMPLEMENTATIONS = YES;
				CLANG_WARN_DIRECT_OBJC_ISA_USAGE = YES_ERROR;
				CLANG_WARN_DOCUMENTATION_COMMENTS = YES;
				CLANG_WARN_EMPTY_BODY = YES;
				CLANG_WARN_ENUM_CONVERSION = YES;
				CLANG_WARN_INFINITE_RECURSION = YES;
				CLANG_WARN_INT_CONVERSION = YES;
				CLANG_WARN_NON_LITERAL_NULL_CONVERSION = YES;
				CLANG_WARN_OBJC_IMPLICIT_RETAIN_SELF = YES;
				CLANG_WARN_OBJC_IMPLICIT_RETAIN_SELF = YES;
				CLANG_WARN_OBJC_LITERAL_CONVERSION = YES;
				CLANG_WARN_OBJC_ROOT_CLASS = YES_ERROR;
				CLANG_WARN_QUOTED_INCLUDE_IN_FRAMEWORK_HEADER = YES;
				CLANG_WARN_RANGE_LOOP_ANALYSIS = YES;
				CLANG_WARN_STRICT_PROTOTYPES = YES;
				CLANG_WARN_SUSPICIOUS_MOVE = YES;
				CLANG_WARN_UNGUARDED_AVAILABILITY = YES_AGGRESSIVE;
				CLANG_WARN_UNREACHABLE_CODE = YES;
				CLANG_WARN__DUPLICATE_METHOD_MATCH = YES;
				CODE_SIGN_STYLE = Automatic;
				COPY_PHASE_STRIP = NO;
				CURRENT_PROJECT_VERSION = 1;
				DEBUG_INFORMATION_FORMAT = "dwarf-with-dsym";
				DEVELOPMENT_TEAM = "";
				ENABLE_NS_ASSERTIONS = NO;
				ENABLE_PREVIEWS = YES;
				ENABLE_STRICT_OBJC_MSGSEND = YES;
				GENERATE_INFOPLIST_FILE = YES;
				GCC_C_LANGUAGE_STANDARD = gnu11;
				GCC_NO_COMMON_BLOCKS = YES;
				GCC_WARN_64_TO_32_BIT_CONVERSION = YES;
				GCC_WARN_ABOUT_RETURN_TYPE = YES_ERROR;
				GCC_WARN_UNDECLARED_SELECTOR = YES;
				GCC_WARN_UNINITIALIZED_AUTOS = YES_AGGRESSIVE;
				GCC_WARN_UNUSED_FUNCTION = YES;
				GCC_WARN_UNUSED_VARIABLE = YES;
				INFOPLIST_FILE = YessGoDemo/Info.plist;
				INFOPLIST_KEY_CFBundleDisplayName = "YessGo Demo";
				INFOPLIST_KEY_UIApplicationSceneManifest_Generation = YES;
				INFOPLIST_KEY_UIApplicationSupportsIndirectInputEvents = YES;
				INFOPLIST_KEY_UILaunchScreen_Generation = YES;
				INFOPLIST_KEY_UISupportedInterfaceOrientations = UIInterfaceOrientationPortrait;
				INFOPLIST_KEY_UISupportedInterfaceOrientations_iPad = "UIInterfaceOrientationLandscapeLeft UIInterfaceOrientationLandscapeRight UIInterfaceOrientationPortrait UIInterfaceOrientationPortraitUpsideDown";
				IPHONEOS_DEPLOYMENT_TARGET = 15.0;
				LD_RUNPATH_SEARCH_PATHS = (
					"$(inherited)",
					"@executable_path/Frameworks",
				);
				MARKETING_VERSION = 1.0;
				MTL_ENABLE_DEBUG_INFO = NO;
				MTL_FAST_MATH = YES;
				PRODUCT_BUNDLE_IDENTIFIER = com.yessgo.demo;
				PRODUCT_NAME = "$(TARGET_NAME)";
				SDKROOT = iphoneos;
				SWIFT_COMPILATION_MODE = wholemodule;
				SWIFT_EMIT_LOC_STRINGS = YES;
				SWIFT_OPTIMIZATION_LEVEL = "-O";
				SWIFT_VERSION = 5.0;
				TARGETED_DEVICE_FAMILY = "1,2";
				VALIDATE_PRODUCT = YES;
			};
			name = Release;
		};
		A0000502 /* Debug */ = {
			isa = XCBuildConfiguration;
			buildSettings = {
			};
			name = Debug;
		};
		A0000503 /* Release */ = {
			isa = XCBuildConfiguration;
			buildSettings = {
			};
			name = Release;
		};
/* End XCBuildConfiguration section */

/* Begin XCConfigurationList section */
		A0000301 /* Build configuration list for PBXNativeTarget "YessGoDemo" */ = {
			isa = XCConfigurationList;
			buildConfigurations = (
				A0000500 /* Debug */,
				A0000501 /* Release */,
			);
			defaultConfigurationIsVisible = 0;
			defaultConfigurationName = Release;
		};
		A0000401 /* Build configuration list for PBXProject "YessGoDemo" */ = {
			isa = XCConfigurationList;
			buildConfigurations = (
				A0000502 /* Debug */,
				A0000503 /* Release */,
			);
			defaultConfigurationIsVisible = 0;
			defaultConfigurationName = Release;
		};
/* End XCConfigurationList section */
	};
	rootObject = A0000400 /* Project object */;
}
